
Microsoft Visual Studio Solution File, Format Version 12.00
# Visual Studio Version 17
VisualStudioVersion = 17.0.32126.317
MinimumVisualStudioVersion = 10.0.40219.1
Project("{9A19103F-16F7-4668-BE54-9A1E7A4F7556}") = "Movement.Services", "Movement.Services\Movement.Services.csproj", "{4C996BEC-ADFC-4577-8023-4FCB0C425DDE}"
EndProject
Project("{9A19103F-16F7-4668-BE54-9A1E7A4F7556}") = "Movement.DAL.SQLServer", "Movement.DAL.SQLServer\Movement.DAL.SQLServer.csproj", "{A1D5CA2E-4B41-4863-B144-5A59D45DCA19}"
EndProject
Project("{FAE04EC0-301F-11D3-BF4B-00C04F79EFBC}") = "Movement.API", "Movement.API\Movement.API.csproj", "{00691933-FCAD-428A-B991-D39A6699F131}"
EndProject
Global
	GlobalSection(SolutionConfigurationPlatforms) = preSolution
		Debug|Any CPU = Debug|Any CPU
		Release|Any CPU = Release|Any CPU
	EndGlobalSection
	GlobalSection(ProjectConfigurationPlatforms) = postSolution
		{4C996BEC-ADFC-4577-8023-4FCB0C425DDE}.Debug|Any CPU.ActiveCfg = Debug|Any CPU
		{4C996BEC-ADFC-4577-8023-4FCB0C425DDE}.Debug|Any CPU.Build.0 = Debug|Any CPU
		{4C996BEC-ADFC-4577-8023-4FCB0C425DDE}.Release|Any CPU.ActiveCfg = Release|Any CPU
		{4C996BEC-ADFC-4577-8023-4FCB0C425DDE}.Release|Any CPU.Build.0 = Release|Any CPU
		{A1D5CA2E-4B41-4863-B144-5A59D45DCA19}.Debug|Any CPU.ActiveCfg = Debug|Any CPU
		{A1D5CA2E-4B41-4863-B144-5A59D45DCA19}.Debug|Any CPU.Build.0 = Debug|Any CPU
		{A1D5CA2E-4B41-4863-B144-5A59D45DCA19}.Release|Any CPU.ActiveCfg = Release|Any CPU
		{A1D5CA2E-4B41-4863-B144-5A59D45DCA19}.Release|Any CPU.Build.0 = Release|Any CPU
		{00691933-FCAD-428A-B991-D39A6699F131}.Debug|Any CPU.ActiveCfg = Debug|Any CPU
		{00691933-FCAD-428A-B991-D39A6699F131}.Debug|Any CPU.Build.0 = Debug|Any CPU
		{00691933-FCAD-428A-B991-D39A6699F131}.Release|Any CPU.ActiveCfg = Release|Any CPU
		{00691933-FCAD-428A-B991-D39A6699F131}.Release|Any CPU.Build.0 = Release|Any CPU
	EndGlobalSection
	GlobalSection(SolutionProperties) = preSolution
		HideSolutionNode = FALSE
	EndGlobalSection
	GlobalSection(ExtensibilityGlobals) = postSolution
		SolutionGuid = {15142ECB-B386-4A59-B4A2-0F90A36E1711}
	EndGlobalSection
EndGlobal
